
Microsoft Visual Studio Solution File, Format Version 12.00
# Visual Studio Version 17
VisualStudioVersion = 17.8.34525.116
MinimumVisualStudioVersion = 10.0.40219.1
Project("{FAE04EC0-301F-11D3-BF4B-00C04F79EFBC}") = "Server", "Server\Server.csproj", "{C4B29A2C-AF50-431D-A282-FAE25DD7DD12}"
EndProject
Project("{FAE04EC0-301F-11D3-BF4B-00C04F79EFBC}") = "Client", "Client\Client.csproj", "{A267550B-0505-4C83-9F8D-6B82D5EDCE8D}"
EndProject
Global
	GlobalSection(SolutionConfigurationPlatforms) = preSolution
		Debug|Any CPU = Debug|Any CPU
		Release|Any CPU = Release|Any CPU
	EndGlobalSection
	GlobalSection(ProjectConfigurationPlatforms) = postSolution
		{C4B29A2C-AF50-431D-A282-FAE25DD7DD12}.Debug|Any CPU.ActiveCfg = Debug|Any CPU
		{C4B29A2C-AF50-431D-A282-FAE25DD7DD12}.Debug|Any CPU.Build.0 = Debug|Any CPU
		{C4B29A2C-AF50-431D-A282-FAE25DD7DD12}.Release|Any CPU.ActiveCfg = Release|Any CPU
		{C4B29A2C-AF50-431D-A282-FAE25DD7DD12}.Release|Any CPU.Build.0 = Release|Any CPU
		{A267550B-0505-4C83-9F8D-6B82D5EDCE8D}.Debug|Any CPU.ActiveCfg = Debug|Any CPU
		{A267550B-0505-4C83-9F8D-6B82D5EDCE8D}.Debug|Any CPU.Build.0 = Debug|Any CPU
		{A267550B-0505-4C83-9F8D-6B82D5EDCE8D}.Release|Any CPU.ActiveCfg = Release|Any CPU
		{A267550B-0505-4C83-9F8D-6B82D5EDCE8D}.Release|Any CPU.Build.0 = Release|Any CPU
	EndGlobalSection
	GlobalSection(SolutionProperties) = preSolution
		HideSolutionNode = FALSE
	EndGlobalSection
	GlobalSection(ExtensibilityGlobals) = postSolution
		SolutionGuid = {E9D36D3C-46EF-420E-85C4-82269E890A4A}
	EndGlobalSection
EndGlobal
